
Microsoft Visual Studio Solution File, Format Version 10.00
# Visual Studio 2008
Project("{8BC9CEB8-8B4A-11D0-8D11-00A0C91BC942}") = "client", "client\client.vcproj", "{9320A036-2201-44E2-84E9-157AC5C4D82F}"
	ProjectSection(ProjectDependencies) = postProject
		{3F3DDD1C-7A66-4CD0-9C26-F8F3F6A3FDC8} = {3F3DDD1C-7A66-4CD0-9C26-F8F3F6A3FDC8}
		{82D291D9-C942-4F14-8EF8-3148F993B3B9} = {82D291D9-C942-4F14-8EF8-3148F993B3B9}
	EndProjectSection
EndProject
Project("{8BC9CEB8-8B4A-11D0-8D11-00A0C91BC942}") = "compiler - animated meshes", "compiler - animated meshes\compiler - animated meshes.vcproj", "{6FCCFD28-3DE5-4038-B0AB-EE0179DB5910}"
	ProjectSection(ProjectDependencies) = postProject
		{3F3DDD1C-7A66-4CD0-9C26-F8F3F6A3FDC8} = {3F3DDD1C-7A66-4CD0-9C26-F8F3F6A3FDC8}
		{82D291D9-C942-4F14-8EF8-3148F993B3B9} = {82D291D9-C942-4F14-8EF8-3148F993B3B9}
	EndProjectSection
EndProject
Project("{8BC9CEB8-8B4A-11D0-8D11-00A0C91BC942}") = "complete-editor", "complete-editor\complete-editor.vcproj", "{636BD8F8-E47C-4A0A-B6EC-8A4F06AED324}"
	ProjectSection(ProjectDependencies) = postProject
		{3F3DDD1C-7A66-4CD0-9C26-F8F3F6A3FDC8} = {3F3DDD1C-7A66-4CD0-9C26-F8F3F6A3FDC8}
		{82D291D9-C942-4F14-8EF8-3148F993B3B9} = {82D291D9-C942-4F14-8EF8-3148F993B3B9}
	EndProjectSection
EndProject
Project("{8BC9CEB8-8B4A-11D0-8D11-00A0C91BC942}") = "server", "server\server.vcproj", "{C6574349-2D0A-4967-A06A-757117040AD5}"
	ProjectSection(ProjectDependencies) = postProject
		{3F3DDD1C-7A66-4CD0-9C26-F8F3F6A3FDC8} = {3F3DDD1C-7A66-4CD0-9C26-F8F3F6A3FDC8}
		{82D291D9-C942-4F14-8EF8-3148F993B3B9} = {82D291D9-C942-4F14-8EF8-3148F993B3B9}
	EndProjectSection
EndProject
Project("{8BC9CEB8-8B4A-11D0-8D11-00A0C91BC942}") = "upload-update", "upload-update\upload-update.vcproj", "{01A3F492-1C7F-4A4B-B217-74826A5C25B2}"
	ProjectSection(ProjectDependencies) = postProject
		{3F3DDD1C-7A66-4CD0-9C26-F8F3F6A3FDC8} = {3F3DDD1C-7A66-4CD0-9C26-F8F3F6A3FDC8}
		{82D291D9-C942-4F14-8EF8-3148F993B3B9} = {82D291D9-C942-4F14-8EF8-3148F993B3B9}
	EndProjectSection
EndProject
Project("{8BC9CEB8-8B4A-11D0-8D11-00A0C91BC942}") = "server-monitor", "server-monitor\server-monitor.vcproj", "{C9818C7A-6DD8-4102-B4C9-F0170AF4CC01}"
	ProjectSection(ProjectDependencies) = postProject
		{3F3DDD1C-7A66-4CD0-9C26-F8F3F6A3FDC8} = {3F3DDD1C-7A66-4CD0-9C26-F8F3F6A3FDC8}
		{82D291D9-C942-4F14-8EF8-3148F993B3B9} = {82D291D9-C942-4F14-8EF8-3148F993B3B9}
	EndProjectSection
EndProject
Project("{8BC9CEB8-8B4A-11D0-8D11-00A0C91BC942}") = "sandbox", "sandbox\sandbox.vcproj", "{B6FEC89B-E3E3-4A4E-9431-68CE2D731367}"
	ProjectSection(ProjectDependencies) = postProject
		{3F3DDD1C-7A66-4CD0-9C26-F8F3F6A3FDC8} = {3F3DDD1C-7A66-4CD0-9C26-F8F3F6A3FDC8}
		{82D291D9-C942-4F14-8EF8-3148F993B3B9} = {82D291D9-C942-4F14-8EF8-3148F993B3B9}
	EndProjectSection
EndProject
Project("{8BC9CEB8-8B4A-11D0-8D11-00A0C91BC942}") = "dc", "common\DirectCraft\dc.vcproj", "{3F3DDD1C-7A66-4CD0-9C26-F8F3F6A3FDC8}"
EndProject
Project("{8BC9CEB8-8B4A-11D0-8D11-00A0C91BC942}") = "dcx", "common\DirectCraft\dcx.vcproj", "{82D291D9-C942-4F14-8EF8-3148F993B3B9}"
EndProject
Project("{8BC9CEB8-8B4A-11D0-8D11-00A0C91BC942}") = "launcher", "launcher\launcher.vcproj", "{5846C9CE-A963-4071-8C28-E2F1EDB8EF08}"
	ProjectSection(ProjectDependencies) = postProject
		{3F3DDD1C-7A66-4CD0-9C26-F8F3F6A3FDC8} = {3F3DDD1C-7A66-4CD0-9C26-F8F3F6A3FDC8}
		{82D291D9-C942-4F14-8EF8-3148F993B3B9} = {82D291D9-C942-4F14-8EF8-3148F993B3B9}
	EndProjectSection
EndProject
Global
	GlobalSection(SolutionConfigurationPlatforms) = preSolution
		admin|Win32 = admin|Win32
		Debug|Win32 = Debug|Win32
		Profile|Win32 = Profile|Win32
		Release|Win32 = Release|Win32
	EndGlobalSection
	GlobalSection(ProjectConfigurationPlatforms) = postSolution
		{9320A036-2201-44E2-84E9-157AC5C4D82F}.admin|Win32.ActiveCfg = admin|Win32
		{9320A036-2201-44E2-84E9-157AC5C4D82F}.admin|Win32.Build.0 = admin|Win32
		{9320A036-2201-44E2-84E9-157AC5C4D82F}.Debug|Win32.ActiveCfg = Debug|Win32
		{9320A036-2201-44E2-84E9-157AC5C4D82F}.Debug|Win32.Build.0 = Debug|Win32
		{9320A036-2201-44E2-84E9-157AC5C4D82F}.Profile|Win32.ActiveCfg = Profile|Win32
		{9320A036-2201-44E2-84E9-157AC5C4D82F}.Profile|Win32.Build.0 = Profile|Win32
		{9320A036-2201-44E2-84E9-157AC5C4D82F}.Release|Win32.ActiveCfg = Release|Win32
		{9320A036-2201-44E2-84E9-157AC5C4D82F}.Release|Win32.Build.0 = Release|Win32
		{6FCCFD28-3DE5-4038-B0AB-EE0179DB5910}.admin|Win32.ActiveCfg = Release|Win32
		{6FCCFD28-3DE5-4038-B0AB-EE0179DB5910}.admin|Win32.Build.0 = Release|Win32
		{6FCCFD28-3DE5-4038-B0AB-EE0179DB5910}.Debug|Win32.ActiveCfg = Debug|Win32
		{6FCCFD28-3DE5-4038-B0AB-EE0179DB5910}.Debug|Win32.Build.0 = Debug|Win32
		{6FCCFD28-3DE5-4038-B0AB-EE0179DB5910}.Profile|Win32.ActiveCfg = Release|Win32
		{6FCCFD28-3DE5-4038-B0AB-EE0179DB5910}.Profile|Win32.Build.0 = Release|Win32
		{6FCCFD28-3DE5-4038-B0AB-EE0179DB5910}.Release|Win32.ActiveCfg = Release|Win32
		{6FCCFD28-3DE5-4038-B0AB-EE0179DB5910}.Release|Win32.Build.0 = Release|Win32
		{636BD8F8-E47C-4A0A-B6EC-8A4F06AED324}.admin|Win32.ActiveCfg = Release|Win32
		{636BD8F8-E47C-4A0A-B6EC-8A4F06AED324}.admin|Win32.Build.0 = Release|Win32
		{636BD8F8-E47C-4A0A-B6EC-8A4F06AED324}.Debug|Win32.ActiveCfg = Debug|Win32
		{636BD8F8-E47C-4A0A-B6EC-8A4F06AED324}.Debug|Win32.Build.0 = Debug|Win32
		{636BD8F8-E47C-4A0A-B6EC-8A4F06AED324}.Profile|Win32.ActiveCfg = Release|Win32
		{636BD8F8-E47C-4A0A-B6EC-8A4F06AED324}.Profile|Win32.Build.0 = Release|Win32
		{636BD8F8-E47C-4A0A-B6EC-8A4F06AED324}.Release|Win32.ActiveCfg = Release|Win32
		{636BD8F8-E47C-4A0A-B6EC-8A4F06AED324}.Release|Win32.Build.0 = Release|Win32
		{C6574349-2D0A-4967-A06A-757117040AD5}.admin|Win32.ActiveCfg = Release|Win32
		{C6574349-2D0A-4967-A06A-757117040AD5}.admin|Win32.Build.0 = Release|Win32
		{C6574349-2D0A-4967-A06A-757117040AD5}.Debug|Win32.ActiveCfg = Debug|Win32
		{C6574349-2D0A-4967-A06A-757117040AD5}.Debug|Win32.Build.0 = Debug|Win32
		{C6574349-2D0A-4967-A06A-757117040AD5}.Profile|Win32.ActiveCfg = Release|Win32
		{C6574349-2D0A-4967-A06A-757117040AD5}.Profile|Win32.Build.0 = Release|Win32
		{C6574349-2D0A-4967-A06A-757117040AD5}.Release|Win32.ActiveCfg = Release|Win32
		{C6574349-2D0A-4967-A06A-757117040AD5}.Release|Win32.Build.0 = Release|Win32
		{01A3F492-1C7F-4A4B-B217-74826A5C25B2}.admin|Win32.ActiveCfg = Release|Win32
		{01A3F492-1C7F-4A4B-B217-74826A5C25B2}.admin|Win32.Build.0 = Release|Win32
		{01A3F492-1C7F-4A4B-B217-74826A5C25B2}.Debug|Win32.ActiveCfg = Debug|Win32
		{01A3F492-1C7F-4A4B-B217-74826A5C25B2}.Debug|Win32.Build.0 = Debug|Win32
		{01A3F492-1C7F-4A4B-B217-74826A5C25B2}.Profile|Win32.ActiveCfg = Release|Win32
		{01A3F492-1C7F-4A4B-B217-74826A5C25B2}.Profile|Win32.Build.0 = Release|Win32
		{01A3F492-1C7F-4A4B-B217-74826A5C25B2}.Release|Win32.ActiveCfg = Release|Win32
		{01A3F492-1C7F-4A4B-B217-74826A5C25B2}.Release|Win32.Build.0 = Release|Win32
		{C9818C7A-6DD8-4102-B4C9-F0170AF4CC01}.admin|Win32.ActiveCfg = Profile|Win32
		{C9818C7A-6DD8-4102-B4C9-F0170AF4CC01}.admin|Win32.Build.0 = Profile|Win32
		{C9818C7A-6DD8-4102-B4C9-F0170AF4CC01}.Debug|Win32.ActiveCfg = Debug|Win32
		{C9818C7A-6DD8-4102-B4C9-F0170AF4CC01}.Debug|Win32.Build.0 = Debug|Win32
		{C9818C7A-6DD8-4102-B4C9-F0170AF4CC01}.Profile|Win32.ActiveCfg = Profile|Win32
		{C9818C7A-6DD8-4102-B4C9-F0170AF4CC01}.Profile|Win32.Build.0 = Profile|Win32
		{C9818C7A-6DD8-4102-B4C9-F0170AF4CC01}.Release|Win32.ActiveCfg = Release|Win32
		{C9818C7A-6DD8-4102-B4C9-F0170AF4CC01}.Release|Win32.Build.0 = Release|Win32
		{B6FEC89B-E3E3-4A4E-9431-68CE2D731367}.admin|Win32.ActiveCfg = Release|Win32
		{B6FEC89B-E3E3-4A4E-9431-68CE2D731367}.admin|Win32.Build.0 = Release|Win32
		{B6FEC89B-E3E3-4A4E-9431-68CE2D731367}.Debug|Win32.ActiveCfg = Debug|Win32
		{B6FEC89B-E3E3-4A4E-9431-68CE2D731367}.Debug|Win32.Build.0 = Debug|Win32
		{B6FEC89B-E3E3-4A4E-9431-68CE2D731367}.Profile|Win32.ActiveCfg = Release|Win32
		{B6FEC89B-E3E3-4A4E-9431-68CE2D731367}.Profile|Win32.Build.0 = Release|Win32
		{B6FEC89B-E3E3-4A4E-9431-68CE2D731367}.Release|Win32.ActiveCfg = Release|Win32
		{B6FEC89B-E3E3-4A4E-9431-68CE2D731367}.Release|Win32.Build.0 = Release|Win32
		{3F3DDD1C-7A66-4CD0-9C26-F8F3F6A3FDC8}.admin|Win32.ActiveCfg = Release|Win32
		{3F3DDD1C-7A66-4CD0-9C26-F8F3F6A3FDC8}.admin|Win32.Build.0 = Release|Win32
		{3F3DDD1C-7A66-4CD0-9C26-F8F3F6A3FDC8}.Debug|Win32.ActiveCfg = Debug|Win32
		{3F3DDD1C-7A66-4CD0-9C26-F8F3F6A3FDC8}.Debug|Win32.Build.0 = Debug|Win32
		{3F3DDD1C-7A66-4CD0-9C26-F8F3F6A3FDC8}.Profile|Win32.ActiveCfg = Release|Win32
		{3F3DDD1C-7A66-4CD0-9C26-F8F3F6A3FDC8}.Profile|Win32.Build.0 = Release|Win32
		{3F3DDD1C-7A66-4CD0-9C26-F8F3F6A3FDC8}.Release|Win32.ActiveCfg = Release|Win32
		{3F3DDD1C-7A66-4CD0-9C26-F8F3F6A3FDC8}.Release|Win32.Build.0 = Release|Win32
		{82D291D9-C942-4F14-8EF8-3148F993B3B9}.admin|Win32.ActiveCfg = Release|Win32
		{82D291D9-C942-4F14-8EF8-3148F993B3B9}.admin|Win32.Build.0 = Release|Win32
		{82D291D9-C942-4F14-8EF8-3148F993B3B9}.Debug|Win32.ActiveCfg = Debug|Win32
		{82D291D9-C942-4F14-8EF8-3148F993B3B9}.Debug|Win32.Build.0 = Debug|Win32
		{82D291D9-C942-4F14-8EF8-3148F993B3B9}.Profile|Win32.ActiveCfg = Release|Win32
		{82D291D9-C942-4F14-8EF8-3148F993B3B9}.Profile|Win32.Build.0 = Release|Win32
		{82D291D9-C942-4F14-8EF8-3148F993B3B9}.Release|Win32.ActiveCfg = Release|Win32
		{82D291D9-C942-4F14-8EF8-3148F993B3B9}.Release|Win32.Build.0 = Release|Win32
		{5846C9CE-A963-4071-8C28-E2F1EDB8EF08}.admin|Win32.ActiveCfg = Release|Win32
		{5846C9CE-A963-4071-8C28-E2F1EDB8EF08}.admin|Win32.Build.0 = Release|Win32
		{5846C9CE-A963-4071-8C28-E2F1EDB8EF08}.Debug|Win32.ActiveCfg = Debug|Win32
		{5846C9CE-A963-4071-8C28-E2F1EDB8EF08}.Debug|Win32.Build.0 = Debug|Win32
		{5846C9CE-A963-4071-8C28-E2F1EDB8EF08}.Profile|Win32.ActiveCfg = Release|Win32
		{5846C9CE-A963-4071-8C28-E2F1EDB8EF08}.Profile|Win32.Build.0 = Release|Win32
		{5846C9CE-A963-4071-8C28-E2F1EDB8EF08}.Release|Win32.ActiveCfg = Release|Win32
		{5846C9CE-A963-4071-8C28-E2F1EDB8EF08}.Release|Win32.Build.0 = Release|Win32
	EndGlobalSection
	GlobalSection(SolutionProperties) = preSolution
		HideSolutionNode = FALSE
	EndGlobalSection
EndGlobal
